{
  "name": "significanttrades-server",
  "version": "1.0.0",
  "lockfileVersion": 1,
  "requires": true,
  "dependencies": {
    "async-limiter": {
      "version": "1.0.0",
      "resolved": "https://registry.npmjs.org/async-limiter/-/async-limiter-1.0.0.tgz",
      "integrity": "sha512-jp/uFnooOiO+L211eZOoSyzpOITMXx1rBITauYykG3BRYPu8h0UcxsPNB04RR5vo4Tyz3+ay17tR6JVf9qzYWg=="
    },
    "axios": {
      "version": "0.18.0",
      "resolved": "https://registry.npmjs.org/axios/-/axios-0.18.0.tgz",
      "integrity": "sha1-MtU+SFHv3AoRmTts0AB4nXDAUQI=",
      "requires": {
        "follow-redirects": "1.4.1",
        "is-buffer": "1.1.6"
      }
    },
    "debug": {
      "version": "3.1.0",
      "resolved": "https://registry.npmjs.org/debug/-/debug-3.1.0.tgz",
      "integrity": "sha512-OX8XqP7/1a9cqkxYw2yXss15f26NKWBpDXQd0/uK/KPqdQhxbPa994hnzjcE2VqQpDslf55723cKPUOGSmMY3g==",
      "requires": {
        "ms": "2.0.0"
      }
    },
    "faye-websocket": {
      "version": "0.9.4",
      "resolved": "https://registry.npmjs.org/faye-websocket/-/faye-websocket-0.9.4.tgz",
      "integrity": "sha1-iFk0x57/sECVSeDAo4Ae0XpAza0=",
      "requires": {
        "websocket-driver": "0.7.0"
      }
    },
    "follow-redirects": {
      "version": "1.4.1",
      "resolved": "https://registry.npmjs.org/follow-redirects/-/follow-redirects-1.4.1.tgz",
      "integrity": "sha512-uxYePVPogtya1ktGnAAXOacnbIuRMB4dkvqeNz2qTtTQsuzSfbDolV+wMMKxAmCx0bLgAKLbBOkjItMbbkR1vg==",
      "requires": {
        "debug": "3.1.0"
      }
    },
    "http-parser-js": {
      "version": "0.4.11",
      "resolved": "https://registry.npmjs.org/http-parser-js/-/http-parser-js-0.4.11.tgz",
      "integrity": "sha512-QCR5O2AjjMW8Mo4HyI1ctFcv+O99j/0g367V3YoVnrNw5hkDvAWZD0lWGcc+F4yN3V55USPCVix4efb75HxFfA=="
    },
    "is-buffer": {
      "version": "1.1.6",
      "resolved": "https://registry.npmjs.org/is-buffer/-/is-buffer-1.1.6.tgz",
      "integrity": "sha512-NcdALwpXkTm5Zvvbk7owOUSvVvBKDgKP5/ewfXEznmQFfs4ZRmanOeKBTjRVjka3QFoN6XJ+9F3USqfHqTaU5w=="
    },
    "ms": {
      "version": "2.0.0",
      "resolved": "https://registry.npmjs.org/ms/-/ms-2.0.0.tgz",
      "integrity": "sha1-VgiurfwAvmwpAd9fmGF4jeDVl8g="
    },
    "pako": {
      "version": "1.0.6",
      "resolved": "https://registry.npmjs.org/pako/-/pako-1.0.6.tgz",
      "integrity": "sha512-lQe48YPsMJAig+yngZ87Lus+NF+3mtu7DVOBu6b/gHO1YpKwIj5AWjZ/TOS7i46HD/UixzWb1zeWDZfGZ3iYcg=="
    },
    "pusher-js": {
      "version": "4.2.2",
      "resolved": "https://registry.npmjs.org/pusher-js/-/pusher-js-4.2.2.tgz",
      "integrity": "sha512-EjFE+PAC6lG7Ap3fhU7c2NyVul6DghNlEbiJVkcTca182U3b7iYgiQY8sQu9FCl5YmnOZ2L95RVYT9JM+YX9jQ==",
      "requires": {
        "faye-websocket": "0.9.4",
        "xmlhttprequest": "1.8.0"
      }
    },
    "websocket-driver": {
      "version": "0.7.0",
      "resolved": "https://registry.npmjs.org/websocket-driver/-/websocket-driver-0.7.0.tgz",
      "integrity": "sha1-DK+dLXVdk67gSdS90NP+LMoqJOs=",
      "requires": {
        "http-parser-js": "0.4.11",
        "websocket-extensions": "0.1.3"
      }
    },
    "websocket-extensions": {
      "version": "0.1.3",
      "resolved": "https://registry.npmjs.org/websocket-extensions/-/websocket-extensions-0.1.3.tgz",
      "integrity": "sha512-nqHUnMXmBzT0w570r2JpJxfiSD1IzoI+HGVdd3aZ0yNi3ngvQ4jv1dtHt5VGxfI2yj5yqImPhOK4vmIh2xMbGg=="
    },
    "ws": {
      "version": "5.0.0",
      "resolved": "https://registry.npmjs.org/ws/-/ws-5.0.0.tgz",
      "integrity": "sha512-XXG4S0b771C68AeTHebBsJJBZMguxj7Em+D657RViuj6ppRd3tfuOhIK8eGwZGNb76C8MjQfCTfH2NN50rJN4w==",
      "requires": {
        "async-limiter": "1.0.0"
      }
    },
    "xmlhttprequest": {
      "version": "1.8.0",
      "resolved": "https://registry.npmjs.org/xmlhttprequest/-/xmlhttprequest-1.8.0.tgz",
      "integrity": "sha1-Z/4HXFwk/vOfnWX197f+dRcZaPw="
    }
  }
}
